<?xml version="1.0" encoding="utf-8"?>
<Project ToolsVersion="4.0" xmlns="http://schemas.microsoft.com/developer/msbuild/2003">
  <ItemGroup>
    <Filter Include="소스 파일">
      <UniqueIdentifier>{4FC737F1-C7A5-4376-A066-2A32D752A2FF}</UniqueIdentifier>
      <Extensions>cpp;c;cc;cxx;c++;cppm;ixx;def;odl;idl;hpj;bat;asm;asmx</Extensions>
    </Filter>
    <Filter Include="헤더 파일">
      <UniqueIdentifier>{93995380-89BD-4b04-88EB-625FBE52EBFB}</UniqueIdentifier>
      <Extensions>h;hh;hpp;hxx;h++;hm;inl;inc;ipp;xsd</Extensions>
    </Filter>
    <Filter Include="리소스 파일">
      <UniqueIdentifier>{67DA6AB6-F800-4c08-8B7A-83BB121AAD01}</UniqueIdentifier>
      <Extensions>rc;ico;cur;bmp;dlg;rc2;rct;bin;rgs;gif;jpg;jpeg;jpe;resx;tiff;tif;png;wav;mfcribbon-ms</Extensions>
    </Filter>
  </ItemGroup>
  <ItemGroup>
    <ClCompile Include="alert.c">
      <Filter>소스 파일</Filter>
    </ClCompile>
    <ClCompile Include="libnet-1.2\libnet-1.2\sample\arp-new.c">
      <Filter>헤더 파일</Filter>
    </ClCompile>
    <ClCompile Include="libnet-1.2\libnet-1.2\sample\arp.c">
      <Filter>헤더 파일</Filter>
    </ClCompile>
    <ClCompile Include="libnet-1.2\libnet-1.2\sample\bgp4_hdr.c">
      <Filter>헤더 파일</Filter>
    </ClCompile>
    <ClCompile Include="libnet-1.2\libnet-1.2\sample\bgp4_notification.c">
      <Filter>헤더 파일</Filter>
    </ClCompile>
    <ClCompile Include="libnet-1.2\libnet-1.2\sample\bgp4_open.c">
      <Filter>헤더 파일</Filter>
    </ClCompile>
    <ClCompile Include="libnet-1.2\libnet-1.2\sample\bgp4_update.c">
      <Filter>헤더 파일</Filter>
    </ClCompile>
    <ClCompile Include="libnet-1.2\libnet-1.2\sample\cdp.c">
      <Filter>헤더 파일</Filter>
    </ClCompile>
    <ClCompile Include="libnet-1.2\libnet-1.2\sample\dhcp_discover.c">
      <Filter>헤더 파일</Filter>
    </ClCompile>
    <ClCompile Include="libnet-1.2\libnet-1.2\sample\dns.c">
      <Filter>헤더 파일</Filter>
    </ClCompile>
    <ClCompile Include="libnet-1.2\libnet-1.2\sample\dot1x.c">
      <Filter>헤더 파일</Filter>
    </ClCompile>
    <ClCompile Include="libnet-1.2\libnet-1.2\sample\fddi_tcp1.c">
      <Filter>헤더 파일</Filter>
    </ClCompile>
    <ClCompile Include="libnet-1.2\libnet-1.2\sample\fddi_tcp2.c">
      <Filter>헤더 파일</Filter>
    </ClCompile>
    <ClCompile Include="libnet-1.2\libnet-1.2\sample\get_addr.c">
      <Filter>헤더 파일</Filter>
    </ClCompile>
    <ClCompile Include="libnet-1.2\libnet-1.2\sample\gre.c">
      <Filter>헤더 파일</Filter>
    </ClCompile>
    <ClCompile Include="libnet-1.2\libnet-1.2\sample\hsrp.c">
      <Filter>헤더 파일</Filter>
    </ClCompile>
    <ClCompile Include="libnet-1.2\libnet-1.2\sample\icmp6_echoreq.c">
      <Filter>헤더 파일</Filter>
    </ClCompile>
    <ClCompile Include="libnet-1.2\libnet-1.2\sample\icmp6_unreach.c">
      <Filter>헤더 파일</Filter>
    </ClCompile>
    <ClCompile Include="libnet-1.2\libnet-1.2\sample\icmp_echo_cq.c">
      <Filter>헤더 파일</Filter>
    </ClCompile>
    <ClCompile Include="libnet-1.2\libnet-1.2\sample\icmp_redirect.c">
      <Filter>헤더 파일</Filter>
    </ClCompile>
    <ClCompile Include="libnet-1.2\libnet-1.2\sample\icmp_timeexceed.c">
      <Filter>헤더 파일</Filter>
    </ClCompile>
    <ClCompile Include="libnet-1.2\libnet-1.2\sample\icmp_timestamp.c">
      <Filter>헤더 파일</Filter>
    </ClCompile>
    <ClCompile Include="libnet-1.2\libnet-1.2\sample\icmp_unreach.c">
      <Filter>헤더 파일</Filter>
    </ClCompile>
    <ClCompile Include="libnet-1.2\libnet-1.2\sample\ieee.c">
      <Filter>헤더 파일</Filter>
    </ClCompile>
    <ClCompile Include="libnet-1.2\libnet-1.2\sample\ip_link.c">
      <Filter>헤더 파일</Filter>
    </ClCompile>
    <ClCompile Include="libnet-1.2\libnet-1.2\sample\ip_raw.c">
      <Filter>헤더 파일</Filter>
    </ClCompile>
    <ClCompile Include="libnet-1.2\libnet-1.2\sample\isl.c">
      <Filter>헤더 파일</Filter>
    </ClCompile>
    <ClCompile Include="libnet-1.2\libnet-1.2\sample\mpls.c">
      <Filter>헤더 파일</Filter>
    </ClCompile>
    <ClCompile Include="libnet-1.2\libnet-1.2\sample\ntp.c">
      <Filter>헤더 파일</Filter>
    </ClCompile>
    <ClCompile Include="libnet-1.2\libnet-1.2\sample\ospf_hello.c">
      <Filter>헤더 파일</Filter>
    </ClCompile>
    <ClCompile Include="libnet-1.2\libnet-1.2\sample\ospf_lsa.c">
      <Filter>헤더 파일</Filter>
    </ClCompile>
    <ClCompile Include="libnet-1.2\libnet-1.2\sample\ping_of_death.c">
      <Filter>헤더 파일</Filter>
    </ClCompile>
    <ClCompile Include="libnet-1.2\libnet-1.2\sample\rpc_tcp.c">
      <Filter>헤더 파일</Filter>
    </ClCompile>
    <ClCompile Include="libnet-1.2\libnet-1.2\sample\rpc_udp.c">
      <Filter>헤더 파일</Filter>
    </ClCompile>
    <ClCompile Include="libnet-1.2\libnet-1.2\sample\sebek.c">
      <Filter>헤더 파일</Filter>
    </ClCompile>
    <ClCompile Include="libnet-1.2\libnet-1.2\sample\smurf.c">
      <Filter>헤더 파일</Filter>
    </ClCompile>
    <ClCompile Include="libnet-1.2\libnet-1.2\sample\stp.c">
      <Filter>헤더 파일</Filter>
    </ClCompile>
    <ClCompile Include="libnet-1.2\libnet-1.2\sample\synflood.c">
      <Filter>헤더 파일</Filter>
    </ClCompile>
    <ClCompile Include="libnet-1.2\libnet-1.2\sample\synflood6.c">
      <Filter>헤더 파일</Filter>
    </ClCompile>
    <ClCompile Include="libnet-1.2\libnet-1.2\sample\synflood6_frag.c">
      <Filter>헤더 파일</Filter>
    </ClCompile>
    <ClCompile Include="libnet-1.2\libnet-1.2\sample\tcp1.c">
      <Filter>헤더 파일</Filter>
    </ClCompile>
    <ClCompile Include="libnet-1.2\libnet-1.2\sample\tcp2.c">
      <Filter>헤더 파일</Filter>
    </ClCompile>
    <ClCompile Include="libnet-1.2\libnet-1.2\sample\test_ipv4.c">
      <Filter>헤더 파일</Filter>
    </ClCompile>
    <ClCompile Include="libnet-1.2\libnet-1.2\sample\test_ipv4_options.c">
      <Filter>헤더 파일</Filter>
    </ClCompile>
    <ClCompile Include="libnet-1.2\libnet-1.2\sample\test_ipv6_icmpv4.c">
      <Filter>헤더 파일</Filter>
    </ClCompile>
    <ClCompile Include="libnet-1.2\libnet-1.2\sample\tftp.c">
      <Filter>헤더 파일</Filter>
    </ClCompile>
    <ClCompile Include="libnet-1.2\libnet-1.2\sample\tring_tcp1.c">
      <Filter>헤더 파일</Filter>
    </ClCompile>
    <ClCompile Include="libnet-1.2\libnet-1.2\sample\tring_tcp2.c">
      <Filter>헤더 파일</Filter>
    </ClCompile>
    <ClCompile Include="libnet-1.2\libnet-1.2\sample\udp1.c">
      <Filter>헤더 파일</Filter>
    </ClCompile>
    <ClCompile Include="libnet-1.2\libnet-1.2\sample\udp2.c">
      <Filter>헤더 파일</Filter>
    </ClCompile>
    <ClCompile Include="libnet-1.2\libnet-1.2\sample\win32\getopt.c">
      <Filter>헤더 파일</Filter>
    </ClCompile>
    <ClCompile Include="libnet-1.2\libnet-1.2\src\libnet_advanced.c">
      <Filter>헤더 파일</Filter>
    </ClCompile>
    <ClCompile Include="libnet-1.2\libnet-1.2\src\libnet_asn1.c">
      <Filter>헤더 파일</Filter>
    </ClCompile>
    <ClCompile Include="libnet-1.2\libnet-1.2\src\libnet_build_802.1q.c">
      <Filter>헤더 파일</Filter>
    </ClCompile>
    <ClCompile Include="libnet-1.2\libnet-1.2\src\libnet_build_802.1x.c">
      <Filter>헤더 파일</Filter>
    </ClCompile>
    <ClCompile Include="libnet-1.2\libnet-1.2\src\libnet_build_802.2.c">
      <Filter>헤더 파일</Filter>
    </ClCompile>
    <ClCompile Include="libnet-1.2\libnet-1.2\src\libnet_build_802.3.c">
      <Filter>헤더 파일</Filter>
    </ClCompile>
    <ClCompile Include="libnet-1.2\libnet-1.2\src\libnet_build_arp.c">
      <Filter>헤더 파일</Filter>
    </ClCompile>
    <ClCompile Include="libnet-1.2\libnet-1.2\src\libnet_build_bgp.c">
      <Filter>헤더 파일</Filter>
    </ClCompile>
    <ClCompile Include="libnet-1.2\libnet-1.2\src\libnet_build_cdp.c">
      <Filter>헤더 파일</Filter>
    </ClCompile>
    <ClCompile Include="libnet-1.2\libnet-1.2\src\libnet_build_data.c">
      <Filter>헤더 파일</Filter>
    </ClCompile>
    <ClCompile Include="libnet-1.2\libnet-1.2\src\libnet_build_dhcp.c">
      <Filter>헤더 파일</Filter>
    </ClCompile>
    <ClCompile Include="libnet-1.2\libnet-1.2\src\libnet_build_dns.c">
      <Filter>헤더 파일</Filter>
    </ClCompile>
    <ClCompile Include="libnet-1.2\libnet-1.2\src\libnet_build_ethernet.c">
      <Filter>헤더 파일</Filter>
    </ClCompile>
    <ClCompile Include="libnet-1.2\libnet-1.2\src\libnet_build_fddi.c">
      <Filter>헤더 파일</Filter>
    </ClCompile>
    <ClCompile Include="libnet-1.2\libnet-1.2\src\libnet_build_gre.c">
      <Filter>헤더 파일</Filter>
    </ClCompile>
    <ClCompile Include="libnet-1.2\libnet-1.2\src\libnet_build_hsrp.c">
      <Filter>헤더 파일</Filter>
    </ClCompile>
    <ClCompile Include="libnet-1.2\libnet-1.2\src\libnet_build_icmp.c">
      <Filter>헤더 파일</Filter>
    </ClCompile>
    <ClCompile Include="libnet-1.2\libnet-1.2\src\libnet_build_igmp.c">
      <Filter>헤더 파일</Filter>
    </ClCompile>
    <ClCompile Include="libnet-1.2\libnet-1.2\src\libnet_build_ip.c">
      <Filter>헤더 파일</Filter>
    </ClCompile>
    <ClCompile Include="libnet-1.2\libnet-1.2\src\libnet_build_ipsec.c">
      <Filter>헤더 파일</Filter>
    </ClCompile>
    <ClCompile Include="libnet-1.2\libnet-1.2\src\libnet_build_isl.c">
      <Filter>헤더 파일</Filter>
    </ClCompile>
    <ClCompile Include="libnet-1.2\libnet-1.2\src\libnet_build_link.c">
      <Filter>헤더 파일</Filter>
    </ClCompile>
    <ClCompile Include="libnet-1.2\libnet-1.2\src\libnet_build_mpls.c">
      <Filter>헤더 파일</Filter>
    </ClCompile>
    <ClCompile Include="libnet-1.2\libnet-1.2\src\libnet_build_ntp.c">
      <Filter>헤더 파일</Filter>
    </ClCompile>
    <ClCompile Include="libnet-1.2\libnet-1.2\src\libnet_build_ospf.c">
      <Filter>헤더 파일</Filter>
    </ClCompile>
    <ClCompile Include="libnet-1.2\libnet-1.2\src\libnet_build_rip.c">
      <Filter>헤더 파일</Filter>
    </ClCompile>
    <ClCompile Include="libnet-1.2\libnet-1.2\src\libnet_build_rpc.c">
      <Filter>헤더 파일</Filter>
    </ClCompile>
    <ClCompile Include="libnet-1.2\libnet-1.2\src\libnet_build_sebek.c">
      <Filter>헤더 파일</Filter>
    </ClCompile>
    <ClCompile Include="libnet-1.2\libnet-1.2\src\libnet_build_snmp.c">
      <Filter>헤더 파일</Filter>
    </ClCompile>
    <ClCompile Include="libnet-1.2\libnet-1.2\src\libnet_build_stp.c">
      <Filter>헤더 파일</Filter>
    </ClCompile>
    <ClCompile Include="libnet-1.2\libnet-1.2\src\libnet_build_tcp.c">
      <Filter>헤더 파일</Filter>
    </ClCompile>
    <ClCompile Include="libnet-1.2\libnet-1.2\src\libnet_build_token_ring.c">
      <Filter>헤더 파일</Filter>
    </ClCompile>
    <ClCompile Include="libnet-1.2\libnet-1.2\src\libnet_build_udp.c">
      <Filter>헤더 파일</Filter>
    </ClCompile>
    <ClCompile Include="libnet-1.2\libnet-1.2\src\libnet_build_vrrp.c">
      <Filter>헤더 파일</Filter>
    </ClCompile>
    <ClCompile Include="libnet-1.2\libnet-1.2\src\libnet_checksum.c">
      <Filter>헤더 파일</Filter>
    </ClCompile>
    <ClCompile Include="libnet-1.2\libnet-1.2\src\libnet_cq.c">
      <Filter>헤더 파일</Filter>
    </ClCompile>
    <ClCompile Include="libnet-1.2\libnet-1.2\src\libnet_crc.c">
      <Filter>헤더 파일</Filter>
    </ClCompile>
    <ClCompile Include="libnet-1.2\libnet-1.2\src\libnet_dll.c">
      <Filter>헤더 파일</Filter>
    </ClCompile>
    <ClCompile Include="libnet-1.2\libnet-1.2\src\libnet_error.c">
      <Filter>헤더 파일</Filter>
    </ClCompile>
    <ClCompile Include="libnet-1.2\libnet-1.2\src\libnet_if_addr.c">
      <Filter>헤더 파일</Filter>
    </ClCompile>
    <ClCompile Include="libnet-1.2\libnet-1.2\src\libnet_init.c">
      <Filter>헤더 파일</Filter>
    </ClCompile>
    <ClCompile Include="libnet-1.2\libnet-1.2\src\libnet_internal.c">
      <Filter>헤더 파일</Filter>
    </ClCompile>
    <ClCompile Include="libnet-1.2\libnet-1.2\src\libnet_link_bpf.c">
      <Filter>헤더 파일</Filter>
    </ClCompile>
    <ClCompile Include="libnet-1.2\libnet-1.2\src\libnet_link_dlpi.c">
      <Filter>헤더 파일</Filter>
    </ClCompile>
    <ClCompile Include="libnet-1.2\libnet-1.2\src\libnet_link_linux.c">
      <Filter>헤더 파일</Filter>
    </ClCompile>
    <ClCompile Include="libnet-1.2\libnet-1.2\src\libnet_link_nit.c">
      <Filter>헤더 파일</Filter>
    </ClCompile>
    <ClCompile Include="libnet-1.2\libnet-1.2\src\libnet_link_none.c">
      <Filter>헤더 파일</Filter>
    </ClCompile>
    <ClCompile Include="libnet-1.2\libnet-1.2\src\libnet_link_pf.c">
      <Filter>헤더 파일</Filter>
    </ClCompile>
    <ClCompile Include="libnet-1.2\libnet-1.2\src\libnet_link_snit.c">
      <Filter>헤더 파일</Filter>
    </ClCompile>
    <ClCompile Include="libnet-1.2\libnet-1.2\src\libnet_link_snoop.c">
      <Filter>헤더 파일</Filter>
    </ClCompile>
    <ClCompile Include="libnet-1.2\libnet-1.2\src\libnet_link_win32.c">
      <Filter>헤더 파일</Filter>
    </ClCompile>
    <ClCompile Include="libnet-1.2\libnet-1.2\src\libnet_pblock.c">
      <Filter>헤더 파일</Filter>
    </ClCompile>
    <ClCompile Include="libnet-1.2\libnet-1.2\src\libnet_port_list.c">
      <Filter>헤더 파일</Filter>
    </ClCompile>
    <ClCompile Include="libnet-1.2\libnet-1.2\src\libnet_prand.c">
      <Filter>헤더 파일</Filter>
    </ClCompile>
    <ClCompile Include="libnet-1.2\libnet-1.2\src\libnet_raw.c">
      <Filter>헤더 파일</Filter>
    </ClCompile>
    <ClCompile Include="libnet-1.2\libnet-1.2\src\libnet_resolve.c">
      <Filter>헤더 파일</Filter>
    </ClCompile>
    <ClCompile Include="libnet-1.2\libnet-1.2\src\libnet_version.c">
      <Filter>헤더 파일</Filter>
    </ClCompile>
    <ClCompile Include="libnet-1.2\libnet-1.2\src\libnet_write.c">
      <Filter>헤더 파일</Filter>
    </ClCompile>
  </ItemGroup>
  <ItemGroup>
    <None Include="libnet-1.2\libnet-1.2\doc\api-foot.html">
      <Filter>헤더 파일</Filter>
    </None>
    <None Include="libnet-1.2\libnet-1.2\doc\api-head.html">
      <Filter>헤더 파일</Filter>
    </None>
  </ItemGroup>
  <ItemGroup>
    <ClInclude Include="libnet-1.2\libnet-1.2\include\bpf.h">
      <Filter>헤더 파일</Filter>
    </ClInclude>
    <ClInclude Include="libnet-1.2\libnet-1.2\include\config.h">
      <Filter>헤더 파일</Filter>
    </ClInclude>
    <ClInclude Include="libnet-1.2\libnet-1.2\include\gnuc.h">
      <Filter>헤더 파일</Filter>
    </ClInclude>
    <ClInclude Include="libnet-1.2\libnet-1.2\include\ifaddrlist.h">
      <Filter>헤더 파일</Filter>
    </ClInclude>
    <ClInclude Include="libnet-1.2\libnet-1.2\include\libnet\libnet-asn1.h">
      <Filter>헤더 파일</Filter>
    </ClInclude>
    <ClInclude Include="libnet-1.2\libnet-1.2\include\libnet\libnet-functions.h">
      <Filter>헤더 파일</Filter>
    </ClInclude>
    <ClInclude Include="libnet-1.2\libnet-1.2\include\libnet\libnet-headers.h">
      <Filter>헤더 파일</Filter>
    </ClInclude>
    <ClInclude Include="libnet-1.2\libnet-1.2\include\libnet\libnet-macros.h">
      <Filter>헤더 파일</Filter>
    </ClInclude>
    <ClInclude Include="libnet-1.2\libnet-1.2\include\libnet\libnet-structures.h">
      <Filter>헤더 파일</Filter>
    </ClInclude>
    <ClInclude Include="libnet-1.2\libnet-1.2\include\libnet\libnet-types.h">
      <Filter>헤더 파일</Filter>
    </ClInclude>
    <ClInclude Include="libnet-1.2\libnet-1.2\include\libnet.h">
      <Filter>헤더 파일</Filter>
    </ClInclude>
    <ClInclude Include="libnet-1.2\libnet-1.2\sample\libnet_test.h">
      <Filter>헤더 파일</Filter>
    </ClInclude>
    <ClInclude Include="libnet-1.2\libnet-1.2\src\common.h">
      <Filter>헤더 파일</Filter>
    </ClInclude>
    <ClInclude Include="libnet-1.2\libnet-1.2\win32\config.h">
      <Filter>헤더 파일</Filter>
    </ClInclude>
    <ClInclude Include="libnet-1.2\libnet-1.2\win32\getopt.h">
      <Filter>헤더 파일</Filter>
    </ClInclude>
    <ClInclude Include="libnet-1.2\libnet-1.2\win32\libnet.h">
      <Filter>헤더 파일</Filter>
    </ClInclude>
    <ClInclude Include="libnet-1.2\libnet-1.2\win32\stdint.h">
      <Filter>헤더 파일</Filter>
    </ClInclude>
    <ClInclude Include="libnet-1.2\libnet-1.2\win32\wpdpack\Include\bittypes.h">
      <Filter>헤더 파일</Filter>
    </ClInclude>
    <ClInclude Include="libnet-1.2\libnet-1.2\win32\wpdpack\Include\ip6_misc.h">
      <Filter>헤더 파일</Filter>
    </ClInclude>
    <ClInclude Include="libnet-1.2\libnet-1.2\win32\wpdpack\Include\Packet32.h">
      <Filter>헤더 파일</Filter>
    </ClInclude>
    <ClInclude Include="libnet-1.2\libnet-1.2\win32\wpdpack\Include\pcap\bluetooth.h">
      <Filter>헤더 파일</Filter>
    </ClInclude>
    <ClInclude Include="libnet-1.2\libnet-1.2\win32\wpdpack\Include\pcap\bpf.h">
      <Filter>헤더 파일</Filter>
    </ClInclude>
    <ClInclude Include="libnet-1.2\libnet-1.2\win32\wpdpack\Include\pcap\namedb.h">
      <Filter>헤더 파일</Filter>
    </ClInclude>
    <ClInclude Include="libnet-1.2\libnet-1.2\win32\wpdpack\Include\pcap\pcap.h">
      <Filter>헤더 파일</Filter>
    </ClInclude>
    <ClInclude Include="libnet-1.2\libnet-1.2\win32\wpdpack\Include\pcap\sll.h">
      <Filter>헤더 파일</Filter>
    </ClInclude>
    <ClInclude Include="libnet-1.2\libnet-1.2\win32\wpdpack\Include\pcap\usb.h">
      <Filter>헤더 파일</Filter>
    </ClInclude>
    <ClInclude Include="libnet-1.2\libnet-1.2\win32\wpdpack\Include\pcap\vlan.h">
      <Filter>헤더 파일</Filter>
    </ClInclude>
    <ClInclude Include="libnet-1.2\libnet-1.2\win32\wpdpack\Include\pcap-bpf.h">
      <Filter>헤더 파일</Filter>
    </ClInclude>
    <ClInclude Include="libnet-1.2\libnet-1.2\win32\wpdpack\Include\pcap-namedb.h">
      <Filter>헤더 파일</Filter>
    </ClInclude>
    <ClInclude Include="libnet-1.2\libnet-1.2\win32\wpdpack\Include\pcap-stdinc.h">
      <Filter>헤더 파일</Filter>
    </ClInclude>
    <ClInclude Include="libnet-1.2\libnet-1.2\win32\wpdpack\Include\pcap.h">
      <Filter>헤더 파일</Filter>
    </ClInclude>
    <ClInclude Include="libnet-1.2\libnet-1.2\win32\wpdpack\Include\remote-ext.h">
      <Filter>헤더 파일</Filter>
    </ClInclude>
    <ClInclude Include="libnet-1.2\libnet-1.2\win32\wpdpack\Include\Win32-Extensions.h">
      <Filter>헤더 파일</Filter>
    </ClInclude>
  </ItemGroup>
  <ItemGroup>
    <ResourceCompile Include="libnet-1.2\libnet-1.2\src\libnet_dll_info.rc">
      <Filter>헤더 파일</Filter>
    </ResourceCompile>
  </ItemGroup>
</Project>